
Microsoft Visual Studio Solution File, Format Version 12.00
# Visual Studio Version 16
VisualStudioVersion = 16.0.31424.327
MinimumVisualStudioVersion = 10.0.40219.1
Project("{9A19103F-16F7-4668-BE54-9A1E7A4F7556}") = "CursoMVC", "CursoMVC\CursoMVC.csproj", "{B64EF243-60B7-40EA-8E56-0B6AF055720A}"
EndProject
Project("{FAE04EC0-301F-11D3-BF4B-00C04F79EFBC}") = "CursoAPI", "CursoAPI\CursoAPI.csproj", "{55F40A5D-640E-4B18-8FC0-ABF9AE0010BD}"
EndProject
Project("{FAE04EC0-301F-11D3-BF4B-00C04F79EFBC}") = "CursoTest", "CursoTest\CursoTest.csproj", "{4CFCD204-88E0-4588-9178-084D0DEE49C2}"
EndProject
Global
	GlobalSection(SolutionConfigurationPlatforms) = preSolution
		Debug|Any CPU = Debug|Any CPU
		Release|Any CPU = Release|Any CPU
	EndGlobalSection
	GlobalSection(ProjectConfigurationPlatforms) = postSolution
		{B64EF243-60B7-40EA-8E56-0B6AF055720A}.Debug|Any CPU.ActiveCfg = Debug|Any CPU
		{B64EF243-60B7-40EA-8E56-0B6AF055720A}.Debug|Any CPU.Build.0 = Debug|Any CPU
		{B64EF243-60B7-40EA-8E56-0B6AF055720A}.Release|Any CPU.ActiveCfg = Release|Any CPU
		{B64EF243-60B7-40EA-8E56-0B6AF055720A}.Release|Any CPU.Build.0 = Release|Any CPU
		{55F40A5D-640E-4B18-8FC0-ABF9AE0010BD}.Debug|Any CPU.ActiveCfg = Debug|Any CPU
		{55F40A5D-640E-4B18-8FC0-ABF9AE0010BD}.Debug|Any CPU.Build.0 = Debug|Any CPU
		{55F40A5D-640E-4B18-8FC0-ABF9AE0010BD}.Release|Any CPU.ActiveCfg = Release|Any CPU
		{55F40A5D-640E-4B18-8FC0-ABF9AE0010BD}.Release|Any CPU.Build.0 = Release|Any CPU
		{4CFCD204-88E0-4588-9178-084D0DEE49C2}.Debug|Any CPU.ActiveCfg = Debug|Any CPU
		{4CFCD204-88E0-4588-9178-084D0DEE49C2}.Debug|Any CPU.Build.0 = Debug|Any CPU
		{4CFCD204-88E0-4588-9178-084D0DEE49C2}.Release|Any CPU.ActiveCfg = Release|Any CPU
		{4CFCD204-88E0-4588-9178-084D0DEE49C2}.Release|Any CPU.Build.0 = Release|Any CPU
	EndGlobalSection
	GlobalSection(SolutionProperties) = preSolution
		HideSolutionNode = FALSE
	EndGlobalSection
	GlobalSection(ExtensibilityGlobals) = postSolution
		SolutionGuid = {47BFA49B-F447-4AFB-8916-80B2DA2C4B76}
	EndGlobalSection
EndGlobal
